# THIS IS AN AUTOGENERATED FILE. DO NOT EDIT THIS FILE DIRECTLY.
# yarn lockfile v1


"@influxdata/influx@^0.5.5":
  version "0.5.5"
  resolved "https://registry.yarnpkg.com/@influxdata/influx/-/influx-0.5.5.tgz#ff30862ba3837df8e6e237634e7c844a00c03c08"
  integrity sha512-mmyymYIT/HpWDrdR1/x9+ENJIrZTFyr46EF42adqRwujwLxVyG1MPOC7H6aoH87DZgVxKV4nt+zmRSgOnetdpg==
  dependencies:
    axios "^0.19.0"

"@influxdata/influxdb-client@^1.2.0":
  version "1.2.0"
  resolved "https://registry.yarnpkg.com/@influxdata/influxdb-client/-/influxdb-client-1.2.0.tgz#325b1fca6302f4d7223d77d379cf7bc44a50ebda"
  integrity sha512-CYHLlLyv9U+7/mhxp5OGtgILVhGhdXxM61Gkw8fa5Y9FQXX91CDdwRTsHOpgyP/P4AkUugAVv5EVhZn1we9jiw==

axios@^0.19.0:
  version "0.19.2"
  resolved "https://registry.yarnpkg.com/axios/-/axios-0.19.2.tgz#3ea36c5d8818d0d5f8a8a97a6d36b86cdc00cb27"
  integrity sha512-fjgm5MvRHLhx+osE2xoekY70AhARk3a6hkN+3Io1jc00jtquGvxYlKlsFUhmUET0V5te6CcZI7lcv2Ym61mjHA==
  dependencies:
    follow-redirects "1.5.10"

commander@^4.0.1:
  version "4.1.0"
  resolved "https://registry.yarnpkg.com/commander/-/commander-4.1.0.tgz#545983a0603fe425bc672d66c9e3c89c42121a83"
  integrity sha512-NIQrwvv9V39FHgGFm36+U9SMQzbiHvU79k+iADraJTpmrFFfx7Ds0IvDoAdZsDrknlkRk14OYoWXb57uTh7/sw==

debug@=3.1.0:
  version "3.1.0"
  resolved "https://registry.yarnpkg.com/debug/-/debug-3.1.0.tgz#5bb5a0672628b64149566ba16819e61518c67261"
  integrity sha512-OX8XqP7/1a9cqkxYw2yXss15f26NKWBpDXQd0/uK/KPqdQhxbPa994hnzjcE2VqQpDslf55723cKPUOGSmMY3g==
  dependencies:
    ms "2.0.0"

docker-swarm-secrets@^1.0.0:
  version "1.0.0"
  resolved "https://registry.yarnpkg.com/docker-swarm-secrets/-/docker-swarm-secrets-1.0.0.tgz#a3921e0c7b1f4924fb7709d4c79f15dde24a147f"
  integrity sha512-g6a3L9xNn5P9y+eZMLbB3XiZKXkzdm4USero8grI1yJj8v/3RQyB9i/SKu7UMdF6tyvjqNx8Agg5NHDjmFq3vg==

follow-redirects@1.5.10:
  version "1.5.10"
  resolved "https://registry.yarnpkg.com/follow-redirects/-/follow-redirects-1.5.10.tgz#7b7a9f9aea2fdff36786a94ff643ed07f4ff5e2a"
  integrity sha512-0V5l4Cizzvqt5D44aTXbFZz+FtyXV1vrDN6qrelxtfYQKW0KO0W2T/hkE8xvGa/540LkZlkaUjO4ailYTFtHVQ==
  dependencies:
    debug "=3.1.0"

influx@^5.0.0-alpha.4:
  version "5.0.0-alpha.4"
  resolved "https://registry.yarnpkg.com/influx/-/influx-5.0.0-alpha.4.tgz#a4471a499fba08be2daa9f0ccf20a38a7bc631c2"
  integrity sha1-pEcaSZ+6CL4tqp8MzyCjinvGMcI=

lodash.castarray@^4.4.0:
  version "4.4.0"
  resolved "https://registry.yarnpkg.com/lodash.castarray/-/lodash.castarray-4.4.0.tgz#c02513515e309daddd4c24c60cfddcf5976d9115"
  integrity sha1-wCUTUV4wna3dTCTGDP3c9ZdtkRU=

lodash.defaultto@^4.14.0:
  version "4.14.0"
  resolved "https://registry.yarnpkg.com/lodash.defaultto/-/lodash.defaultto-4.14.0.tgz#38bd3d425acee733e0e2bbbd4e4b29711cc2ee11"
  integrity sha1-OL09QlrO5zPg4ru9TkspcRzC7hE=

lodash.groupby@^4.6.0:
  version "4.6.0"
  resolved "https://registry.yarnpkg.com/lodash.groupby/-/lodash.groupby-4.6.0.tgz#0b08a1dcf68397c397855c3239783832df7403d1"
  integrity sha1-Cwih3PaDl8OXhVwyOXg4Mt90A9E=

lodash.isequal@^4.5.0:
  version "4.5.0"
  resolved "https://registry.yarnpkg.com/lodash.isequal/-/lodash.isequal-4.5.0.tgz#415c4478f2bcc30120c22ce10ed3226f7d3e18e0"
  integrity sha1-QVxEePK8wwEgwizhDtMib30+GOA=

loglevel@^1.6.6:
  version "1.6.6"
  resolved "https://registry.yarnpkg.com/loglevel/-/loglevel-1.6.6.tgz#0ee6300cc058db6b3551fa1c4bf73b83bb771312"
  integrity sha512-Sgr5lbboAUBo3eXCSPL4/KoVz3ROKquOjcctxmHIt+vol2DrqTQe3SwkKKuYhEiWB5kYa13YyopJ69deJ1irzQ==

ms@2.0.0:
  version "2.0.0"
  resolved "https://registry.yarnpkg.com/ms/-/ms-2.0.0.tgz#5608aeadfc00be6c2901df5f9861788de0d597c8"
  integrity sha1-VgiurfwAvmwpAd9fmGF4jeDVl8g=

promise-queue@^2.2.5:
  version "2.2.5"
  resolved "https://registry.yarnpkg.com/promise-queue/-/promise-queue-2.2.5.tgz#2f6f5f7c0f6d08109e967659c79b88a9ed5e93b4"
  integrity sha1-L29ffA9tCBCelnZZx5uIqe1ek7Q=

tplink-smarthome-api@^2.0.0:
  version "2.0.0"
  resolved "https://registry.yarnpkg.com/tplink-smarthome-api/-/tplink-smarthome-api-2.0.0.tgz#f149bf45bfb27ee91b6a9ce034813f6344d9d280"
  integrity sha512-6mpImAh5wM6dF4sEpF+nzq4Anh+o1DlwTsApOA+NsqN/Foh+tczQDOjde8Ei3p1do5SVG8Z57PEH6+4sA5SNJQ==
  dependencies:
    commander "^4.0.1"
    lodash.castarray "^4.4.0"
    lodash.defaultto "^4.14.0"
    lodash.groupby "^4.6.0"
    lodash.isequal "^4.5.0"
    loglevel "^1.6.6"
    promise-queue "^2.2.5"
    tplink-smarthome-crypto "^2.0.0"

tplink-smarthome-crypto@^2.0.0:
  version "2.0.0"
  resolved "https://registry.yarnpkg.com/tplink-smarthome-crypto/-/tplink-smarthome-crypto-2.0.0.tgz#5c365be282c20f118f8a3213cb08344656817478"
  integrity sha512-s7DIbRIHe+hXJReKtd+Dz0qO+ZKSLEsFFeKfSe/yKrTl6y9+JHvcUe4GBL/uDlKwiVkP+lp28nKndnBNJ0vRmw==

xhr2@^0.2.0:
  version "0.2.0"
  resolved "https://registry.yarnpkg.com/xhr2/-/xhr2-0.2.0.tgz#eddeff782f3b7551061b8d75645085269396e521"
  integrity sha512-BDtiD0i2iKPK/S8OAZfpk6tyzEDnKKSjxWHcMBVmh+LuqJ8A32qXTyOx+TVOg2dKvq6zGBq2sgKPkEeRs1qTRA==
